
Microsoft Visual Studio Solution File, Format Version 12.00
# Visual Studio Version 16
VisualStudioVersion = 16.0.29709.97
MinimumVisualStudioVersion = 10.0.40219.1
Project("{9A19103F-16F7-4668-BE54-9A1E7A4F7556}") = "MPLC", "MPLC\MPLC.csproj", "{4D40C684-68CF-4515-87F8-239938CA26B7}"
EndProject
Project("{9A19103F-16F7-4668-BE54-9A1E7A4F7556}") = "MPLC.UnitTests", "MPLC.UnitTests\MPLC.UnitTests.csproj", "{F64FB1EB-85A8-4ADF-A7B7-8C9A1B0A35CA}"
EndProject
Project("{FAE04EC0-301F-11D3-BF4B-00C04F79EFBC}") = "MPLC.MCProtocol", "MPLC.MCProtocol\MPLC.MCProtocol.csproj", "{46EB9798-C937-439F-B984-52D2647FDEFE}"
EndProject
Global
	GlobalSection(SolutionConfigurationPlatforms) = preSolution
		Debug|Any CPU = Debug|Any CPU
		Release|Any CPU = Release|Any CPU
	EndGlobalSection
	GlobalSection(ProjectConfigurationPlatforms) = postSolution
		{4D40C684-68CF-4515-87F8-239938CA26B7}.Debug|Any CPU.ActiveCfg = Debug|Any CPU
		{4D40C684-68CF-4515-87F8-239938CA26B7}.Debug|Any CPU.Build.0 = Debug|Any CPU
		{4D40C684-68CF-4515-87F8-239938CA26B7}.Release|Any CPU.ActiveCfg = Release|Any CPU
		{4D40C684-68CF-4515-87F8-239938CA26B7}.Release|Any CPU.Build.0 = Release|Any CPU
		{F64FB1EB-85A8-4ADF-A7B7-8C9A1B0A35CA}.Debug|Any CPU.ActiveCfg = Debug|Any CPU
		{F64FB1EB-85A8-4ADF-A7B7-8C9A1B0A35CA}.Debug|Any CPU.Build.0 = Debug|Any CPU
		{F64FB1EB-85A8-4ADF-A7B7-8C9A1B0A35CA}.Release|Any CPU.ActiveCfg = Release|Any CPU
		{F64FB1EB-85A8-4ADF-A7B7-8C9A1B0A35CA}.Release|Any CPU.Build.0 = Release|Any CPU
		{46EB9798-C937-439F-B984-52D2647FDEFE}.Debug|Any CPU.ActiveCfg = Debug|Any CPU
		{46EB9798-C937-439F-B984-52D2647FDEFE}.Debug|Any CPU.Build.0 = Debug|Any CPU
		{46EB9798-C937-439F-B984-52D2647FDEFE}.Release|Any CPU.ActiveCfg = Release|Any CPU
		{46EB9798-C937-439F-B984-52D2647FDEFE}.Release|Any CPU.Build.0 = Release|Any CPU
	EndGlobalSection
	GlobalSection(SolutionProperties) = preSolution
		HideSolutionNode = FALSE
	EndGlobalSection
	GlobalSection(ExtensibilityGlobals) = postSolution
		SolutionGuid = {34FC858A-C86D-4F0C-8F64-780E5E42CD08}
	EndGlobalSection
EndGlobal
